
Microsoft Visual Studio Solution File, Format Version 12.00
# Visual Studio Version 17
VisualStudioVersion = 17.14.36301.6
MinimumVisualStudioVersion = 10.0.40219.1
Project("{FAE04EC0-301F-11D3-BF4B-00C04F79EFBC}") = "WDPDY2_Project", "WDPDY2_Project\WDPDY2_Project.csproj", "{D81B63FA-9673-4A4B-8B9E-2D4C8F7EC25A}"
EndProject
Global
	GlobalSection(SolutionConfigurationPlatforms) = preSolution
		Debug|Any CPU = Debug|Any CPU
		Release|Any CPU = Release|Any CPU
	EndGlobalSection
	GlobalSection(ProjectConfigurationPlatforms) = postSolution
		{D81B63FA-9673-4A4B-8B9E-2D4C8F7EC25A}.Debug|Any CPU.ActiveCfg = Debug|Any CPU
		{D81B63FA-9673-4A4B-8B9E-2D4C8F7EC25A}.Debug|Any CPU.Build.0 = Debug|Any CPU
		{D81B63FA-9673-4A4B-8B9E-2D4C8F7EC25A}.Release|Any CPU.ActiveCfg = Release|Any CPU
		{D81B63FA-9673-4A4B-8B9E-2D4C8F7EC25A}.Release|Any CPU.Build.0 = Release|Any CPU
	EndGlobalSection
	GlobalSection(SolutionProperties) = preSolution
		HideSolutionNode = FALSE
	EndGlobalSection
	GlobalSection(ExtensibilityGlobals) = postSolution
		SolutionGuid = {C6A61271-5941-4A7F-81EA-C3679CD89835}
	EndGlobalSection
EndGlobal
